# THIS IS AN AUTOGENERATED FILE. DO NOT EDIT THIS FILE DIRECTLY.
# yarn lockfile v1


"prettier@npm:@btmills/prettier":
  version "2.7.1"
  resolved "https://registry.yarnpkg.com/@btmills/prettier/-/prettier-2.7.1.tgz#06441dabbda6f0c4e4f84a87202e2a9a94f491e5"
  integrity sha512-cwoPuOPIHx3/8AZMm6PJDvoeFuMvr0kd3Yp90nqvapkP/I5q4+UYoLZDXcC+kNB2InyLs5K1NaaWuDgbUH8/+Q==
